# This file is autogenerated, do not edit; changes may be undone by the next 'dep ensure'.


[[projects]]
  name = "github.com/jbowtie/gokogiri"
  packages = ["help","html","util","xml","xpath"]
  revision = "a79a377719ed7307bd4016dfeb928886a9664406"
  version = "4.7.32"

[[projects]]
  name = "github.com/moovweb/rubex"
  packages = ["."]
  revision = "cb849acea6148000db8a55743f71476b0897ea41"
  version = "6.3.78"

[solve-meta]
  analyzer-name = "dep"
  analyzer-version = 1
  inputs-digest = "10257f07cb8027874201d2a79acd17084fb68e85a48f730a66d81a31015c883b"
  solver-name = "gps-cdcl"
  solver-version = 1
